github.com/cakturk/instaget v0.0.0-20181030113026-957c6e733ce3 h1:9H+0Td9d/kEz7QALHA+r+zksQUaSrsDXYonbxUgIVng=
github.com/cakturk/instaget v0.0.0-20181030113026-957c6e733ce3/go.mod h1:+6xObcePwTmukPoDDBwMWjO5CRoQJaXrYJHM7KBKCWs=
github.com/google/uuid v1.4.0 h1:MtMxsa51/r9yyhkyLsVeVt0B+BGQZzpQiTQ4eHZ8bc4=
github.com/google/uuid v1.4.0/go.mod h1:TIyPZe4MgqvfeYDBFedMoGGpEw/LqOeaOT+nhxU+yHo=
github.com/hasura/go-graphql-client v0.10.1 h1:9lY5mFfKRIjkPJ/EUq41mWYJZpTdAVjs24nibWoGyDo=
github.com/hasura/go-graphql-client v0.10.1/go.mod h1:z9UPkMmCBMuJjvBEtdE6F+oTR2r15AcjirVNq/8P+Ig=
github.com/jrudio/go-instagram-downloader v0.0.0-20160615145118-6df5acae0521 h1:MXgsdZft+sw3X42RQQYFEq8KywLRwxZenSbkfeAIxP8=
github.com/jrudio/go-instagram-downloader v0.0.0-20160615145118-6df5acae0521/go.mod h1:8ryRnWno24qOFuHAZ0YwGOhILi9J5P44zV0JiUxvmqs=
github.com/klauspost/compress v1.17.4 h1:Ej5ixsIri7BrIjBkRZLTo6ghwrEtHFk7ijlczPW4fZ4=
github.com/klauspost/compress v1.17.4/go.mod h1:/dCuZOvVtNoHsyb+cuJD3itjs3NbnF6KH9zAO4BDxPM=
golang.org/x/net v0.19.0 h1:zTwKpTd2XuCqf8huc7Fo2iSy+4RHPd10s4KzeTnVr1c=
golang.org/x/net v0.19.0/go.mod h1:CfAk/cbD4CthTvqiEl8NpboMuiuOYsAr/7NOjZJtv1U=
nhooyr.io/websocket v1.8.10 h1:mv4p+MnGrLDcPlBoWsvPP7XCzTYMXP9F9eIGoKbgx7Q=
nhooyr.io/websocket v1.8.10/go.mod h1:rN9OFWIUwuxg4fR5tELlYC04bXYowCP9GX47ivo2l+c=
